
Microsoft Visual Studio Solution File, Format Version 12.00
# Visual Studio Version 17
VisualStudioVersion = 17.11.35222.181
MinimumVisualStudioVersion = 10.0.40219.1
Project("{FAE04EC0-301F-11D3-BF4B-00C04F79EFBC}") = "Week2", "Week2\Week2.csproj", "{8ACC7BB0-6B21-4372-BFB5-4C4F20D1504E}"
EndProject
Project("{FAE04EC0-301F-11D3-BF4B-00C04F79EFBC}") = "UserGenderValidation", "UserAgeValidation\UserGenderValidation.csproj", "{A4864B09-6E18-4423-A598-4FCD5D0D8942}"
EndProject
Project("{FAE04EC0-301F-11D3-BF4B-00C04F79EFBC}") = "UserAgeValidation1", "UserAgeValidation1\UserAgeValidation1.csproj", "{696ADF0B-B969-4A26-BD7F-FA1929B0DA16}"
EndProject
Global
	GlobalSection(SolutionConfigurationPlatforms) = preSolution
		Debug|Any CPU = Debug|Any CPU
		Release|Any CPU = Release|Any CPU
	EndGlobalSection
	GlobalSection(ProjectConfigurationPlatforms) = postSolution
		{8ACC7BB0-6B21-4372-BFB5-4C4F20D1504E}.Debug|Any CPU.ActiveCfg = Debug|Any CPU
		{8ACC7BB0-6B21-4372-BFB5-4C4F20D1504E}.Debug|Any CPU.Build.0 = Debug|Any CPU
		{8ACC7BB0-6B21-4372-BFB5-4C4F20D1504E}.Release|Any CPU.ActiveCfg = Release|Any CPU
		{8ACC7BB0-6B21-4372-BFB5-4C4F20D1504E}.Release|Any CPU.Build.0 = Release|Any CPU
		{A4864B09-6E18-4423-A598-4FCD5D0D8942}.Debug|Any CPU.ActiveCfg = Debug|Any CPU
		{A4864B09-6E18-4423-A598-4FCD5D0D8942}.Debug|Any CPU.Build.0 = Debug|Any CPU
		{A4864B09-6E18-4423-A598-4FCD5D0D8942}.Release|Any CPU.ActiveCfg = Release|Any CPU
		{A4864B09-6E18-4423-A598-4FCD5D0D8942}.Release|Any CPU.Build.0 = Release|Any CPU
		{696ADF0B-B969-4A26-BD7F-FA1929B0DA16}.Debug|Any CPU.ActiveCfg = Debug|Any CPU
		{696ADF0B-B969-4A26-BD7F-FA1929B0DA16}.Debug|Any CPU.Build.0 = Debug|Any CPU
		{696ADF0B-B969-4A26-BD7F-FA1929B0DA16}.Release|Any CPU.ActiveCfg = Release|Any CPU
		{696ADF0B-B969-4A26-BD7F-FA1929B0DA16}.Release|Any CPU.Build.0 = Release|Any CPU
	EndGlobalSection
	GlobalSection(SolutionProperties) = preSolution
		HideSolutionNode = FALSE
	EndGlobalSection
	GlobalSection(ExtensibilityGlobals) = postSolution
		SolutionGuid = {66A0530F-73EF-4363-9D21-5B74838DC3AD}
	EndGlobalSection
EndGlobal
